<?xml version="1.0" encoding="utf-8"?>
<Project ToolsVersion="4.0" xmlns="http://schemas.microsoft.com/developer/msbuild/2003">
  <ItemGroup>
    <Filter Include="inc">
      <UniqueIdentifier>{1ad93e54-aa44-42b1-be5e-0deb32fa6a02}</UniqueIdentifier>
    </Filter>
    <Filter Include="main">
      <UniqueIdentifier>{d967081d-9a40-492b-aad5-64e806e58b86}</UniqueIdentifier>
    </Filter>
  </ItemGroup>
  <ItemGroup>
    <ClCompile Include="inc\PreCom.cpp">
      <Filter>inc</Filter>
    </ClCompile>
    <ClCompile Include="main\main.cpp">
      <Filter>main</Filter>
    </ClCompile>
    <ClCompile Include="main\LoginServer.cpp">
      <Filter>main</Filter>
    </ClCompile>
  </ItemGroup>
  <ItemGroup>
    <ClInclude Include="inc\PreCom.h">
      <Filter>inc</Filter>
    </ClInclude>
    <ClInclude Include="main\LoginServer.h">
      <Filter>main</Filter>
    </ClInclude>
  </ItemGroup>
</Project>