<?xml version="1.0" encoding="utf-8"?>
<Project ToolsVersion="4.0" xmlns="http://schemas.microsoft.com/developer/msbuild/2003">
  <ItemGroup>
    <Filter Include="inc">
      <UniqueIdentifier>{93995380-89BD-4b04-88EB-625FBE52EBFB}</UniqueIdentifier>
      <Extensions>h;hpp;hxx;hm;inl;inc;xsd</Extensions>
    </Filter>
    <Filter Include="Logic">
      <UniqueIdentifier>{4FC737F1-C7A5-4376-A066-2A32D752A2FF}</UniqueIdentifier>
      <Extensions>cpp;c;cc;cxx;def;odl;idl;hpj;bat;asm;asmx</Extensions>
    </Filter>
    <Filter Include="Log">
      <UniqueIdentifier>{ba0ebec2-baa5-434b-b433-535654ed3efd}</UniqueIdentifier>
    </Filter>
    <Filter Include="Param">
      <UniqueIdentifier>{1d74ab94-f301-4a9a-9d17-e72661a08128}</UniqueIdentifier>
    </Filter>
    <Filter Include="NetWork">
      <UniqueIdentifier>{5a65ec3b-a926-47ed-858a-9a404fd1c074}</UniqueIdentifier>
    </Filter>
    <Filter Include="Thread">
      <UniqueIdentifier>{67DA6AB6-F800-4c08-8B7A-83BB121AAD01}</UniqueIdentifier>
      <Extensions>rc;ico;cur;bmp;dlg;rc2;rct;bin;rgs;gif;jpg;jpeg;jpe;resx;tiff;tif;png;wav;mfcribbon-ms</Extensions>
    </Filter>
    <Filter Include="NetWork\packet">
      <UniqueIdentifier>{a331b01e-964d-42f2-aa89-86ef9ce392c6}</UniqueIdentifier>
    </Filter>
    <Filter Include="NetWork\socket">
      <UniqueIdentifier>{0bf9f7e2-9b1e-46b6-bbfe-e00c5b9dfc97}</UniqueIdentifier>
    </Filter>
    <Filter Include="File">
      <UniqueIdentifier>{712b432d-96ea-42a9-b79c-1ce92fe1848b}</UniqueIdentifier>
    </Filter>
    <Filter Include="obj">
      <UniqueIdentifier>{d2855061-797e-4b69-9084-9c0942744255}</UniqueIdentifier>
    </Filter>
    <Filter Include="TClass">
      <UniqueIdentifier>{e941e8c7-4ac3-4132-8fe1-f2de8b8885bb}</UniqueIdentifier>
    </Filter>
    <Filter Include="Memory">
      <UniqueIdentifier>{c7f56530-a847-4694-8819-bc777c152731}</UniqueIdentifier>
    </Filter>
    <Filter Include="File\tinyxml">
      <UniqueIdentifier>{cb1b480e-c939-4da2-8fb5-b95009e6e596}</UniqueIdentifier>
    </Filter>
    <Filter Include="Stream">
      <UniqueIdentifier>{a75d983c-e620-4263-bbe5-76797f5f4ab0}</UniqueIdentifier>
    </Filter>
    <Filter Include="process">
      <UniqueIdentifier>{0258cdd0-dfe0-4d57-8e6f-83be768dfda0}</UniqueIdentifier>
    </Filter>
  </ItemGroup>
  <ItemGroup>
    <ClCompile Include="tinyxml\tinyxml.cpp">
      <Filter>File\tinyxml</Filter>
    </ClCompile>
    <ClCompile Include="tinyxml\tinyxmlerror.cpp">
      <Filter>File\tinyxml</Filter>
    </ClCompile>
    <ClCompile Include="tinyxml\tinyxmlparser.cpp">
      <Filter>File\tinyxml</Filter>
    </ClCompile>
    <ClCompile Include="Thread\AtomicCounter.cpp">
      <Filter>Thread</Filter>
    </ClCompile>
    <ClCompile Include="Thread\Condition.cpp">
      <Filter>Thread</Filter>
    </ClCompile>
    <ClCompile Include="Thread\Thread.cpp">
      <Filter>Thread</Filter>
    </ClCompile>
    <ClCompile Include="Thread\ThreadPool.cpp">
      <Filter>Thread</Filter>
    </ClCompile>
    <ClCompile Include="inc\CircularBuffer.cpp">
      <Filter>inc</Filter>
    </ClCompile>
    <ClCompile Include="inc\DataBuffer.cpp">
      <Filter>inc</Filter>
    </ClCompile>
    <ClCompile Include="inc\Exception.cpp">
      <Filter>inc</Filter>
    </ClCompile>
    <ClCompile Include="inc\PreCom.cpp">
      <Filter>inc</Filter>
    </ClCompile>
    <ClCompile Include="inc\TreeNodeBase.cpp">
      <Filter>inc</Filter>
    </ClCompile>
    <ClCompile Include="inc\UtilID.cpp">
      <Filter>inc</Filter>
    </ClCompile>
    <ClCompile Include="log\Logger.cpp">
      <Filter>Log</Filter>
    </ClCompile>
    <ClCompile Include="NetWork\Packet.cpp">
      <Filter>NetWork\packet</Filter>
    </ClCompile>
    <ClCompile Include="NetWork\PacketList.cpp">
      <Filter>NetWork\packet</Filter>
    </ClCompile>
    <ClCompile Include="NetWork\SocketBase.cpp">
      <Filter>NetWork\socket</Filter>
    </ClCompile>
    <ClCompile Include="NetWork\SocketOps.cpp">
      <Filter>NetWork\socket</Filter>
    </ClCompile>
    <ClCompile Include="NetWork\IOCPReactor.cpp">
      <Filter>NetWork\socket</Filter>
    </ClCompile>
    <ClCompile Include="NetWork\CompleteOperation.cpp">
      <Filter>NetWork\socket</Filter>
    </ClCompile>
    <ClCompile Include="File\cfgloader.cpp">
      <Filter>File</Filter>
    </ClCompile>
    <ClCompile Include="inc\ClassMember.cpp">
      <Filter>TClass</Filter>
    </ClCompile>
    <ClCompile Include="inc\AnyTypeBase.cpp">
      <Filter>TClass</Filter>
    </ClCompile>
    <ClCompile Include="inc\ClassMethod.cpp">
      <Filter>TClass</Filter>
    </ClCompile>
    <ClCompile Include="inc\TClass.cpp">
      <Filter>TClass</Filter>
    </ClCompile>
    <ClCompile Include="inc\TClassManager.cpp">
      <Filter>TClass</Filter>
    </ClCompile>
    <ClCompile Include="inc\DLMalloc.cpp">
      <Filter>Memory</Filter>
    </ClCompile>
    <ClCompile Include="inc\DLAllocator.cpp">
      <Filter>Memory</Filter>
    </ClCompile>
    <ClCompile Include="inc\Allocator.cpp">
      <Filter>Memory</Filter>
    </ClCompile>
    <ClCompile Include="inc\OperatorNew.cpp">
      <Filter>Memory</Filter>
    </ClCompile>
    <ClCompile Include="inc\PoolAllocator.cpp">
      <Filter>Memory</Filter>
    </ClCompile>
    <ClCompile Include="inc\StringHelper.cpp">
      <Filter>inc</Filter>
    </ClCompile>
    <ClCompile Include="inc\FactoryManager.cpp">
      <Filter>Memory</Filter>
    </ClCompile>
    <ClCompile Include="File\File.cpp">
      <Filter>File</Filter>
    </ClCompile>
    <ClCompile Include="File\FileInfo.cpp">
      <Filter>File</Filter>
    </ClCompile>
    <ClCompile Include="inc\ToolKit.cpp">
      <Filter>inc</Filter>
    </ClCompile>
    <ClCompile Include="File\FileIni.cpp">
      <Filter>File</Filter>
    </ClCompile>
    <ClCompile Include="Stream\MemoryStreamBuf.cpp">
      <Filter>Stream</Filter>
    </ClCompile>
    <ClCompile Include="Stream\FileStreamBuf.cpp">
      <Filter>Stream</Filter>
    </ClCompile>
    <ClCompile Include="File\FileStream.cpp">
      <Filter>Logic</Filter>
    </ClCompile>
    <ClCompile Include="Stream\FileStream.cpp">
      <Filter>Stream</Filter>
    </ClCompile>
    <ClCompile Include="inc\TimeStamp.cpp">
      <Filter>inc</Filter>
    </ClCompile>
    <ClCompile Include="inc\DateTime.cpp">
      <Filter>inc</Filter>
    </ClCompile>
    <ClCompile Include="log\LogChannel.cpp">
      <Filter>Log</Filter>
    </ClCompile>
    <ClCompile Include="inc\Environment.cpp">
      <Filter>inc</Filter>
    </ClCompile>
    <ClCompile Include="Thread\Event.cpp">
      <Filter>Thread</Filter>
    </ClCompile>
    <ClCompile Include="Thread\Semaphore.cpp">
      <Filter>Thread</Filter>
    </ClCompile>
    <ClCompile Include="process\NameEvent.cpp">
      <Filter>process</Filter>
    </ClCompile>
    <ClCompile Include="process\NameMutex.cpp">
      <Filter>process</Filter>
    </ClCompile>
    <ClCompile Include="process\Process.cpp">
      <Filter>process</Filter>
    </ClCompile>
    <ClCompile Include="process\ShareMemory.cpp">
      <Filter>process</Filter>
    </ClCompile>
    <ClCompile Include="process\ProcessPipe.cpp">
      <Filter>process</Filter>
    </ClCompile>
    <ClCompile Include="process\PipeStream.cpp">
      <Filter>process</Filter>
    </ClCompile>
    <ClCompile Include="Thread\Mutex.cpp">
      <Filter>Thread</Filter>
    </ClCompile>
  </ItemGroup>
  <ItemGroup>
    <ClInclude Include="tinyxml\tinyxml.h">
      <Filter>File\tinyxml</Filter>
    </ClInclude>
    <ClInclude Include="Thread\AtomicCounter.h">
      <Filter>Thread</Filter>
    </ClInclude>
    <ClInclude Include="Thread\Condition.h">
      <Filter>Thread</Filter>
    </ClInclude>
    <ClInclude Include="Thread\Mutex.h">
      <Filter>Thread</Filter>
    </ClInclude>
    <ClInclude Include="Thread\Thread.h">
      <Filter>Thread</Filter>
    </ClInclude>
    <ClInclude Include="Thread\ThreadPool.h">
      <Filter>Thread</Filter>
    </ClInclude>
    <ClInclude Include="inc\BaseClass.h">
      <Filter>inc</Filter>
    </ClInclude>
    <ClInclude Include="inc\BaseProcess.h">
      <Filter>inc</Filter>
    </ClInclude>
    <ClInclude Include="inc\BitObjectBase.h">
      <Filter>inc</Filter>
    </ClInclude>
    <ClInclude Include="inc\CircleList.h">
      <Filter>inc</Filter>
    </ClInclude>
    <ClInclude Include="inc\CircularBuffer.h">
      <Filter>inc</Filter>
    </ClInclude>
    <ClInclude Include="inc\CRefcounter.h">
      <Filter>inc</Filter>
    </ClInclude>
    <ClInclude Include="inc\DataBuffer.h">
      <Filter>inc</Filter>
    </ClInclude>
    <ClInclude Include="inc\Exception.h">
      <Filter>inc</Filter>
    </ClInclude>
    <ClInclude Include="inc\Fuction.h">
      <Filter>inc</Filter>
    </ClInclude>
    <ClInclude Include="inc\HashList.h">
      <Filter>inc</Filter>
    </ClInclude>
    <ClInclude Include="inc\HelperFunction.h">
      <Filter>inc</Filter>
    </ClInclude>
    <ClInclude Include="inc\nocopyable.h">
      <Filter>inc</Filter>
    </ClInclude>
    <ClInclude Include="inc\PreCom.h">
      <Filter>inc</Filter>
    </ClInclude>
    <ClInclude Include="inc\QuerueEx.h">
      <Filter>inc</Filter>
    </ClInclude>
    <ClInclude Include="inc\Queue.h">
      <Filter>inc</Filter>
    </ClInclude>
    <ClInclude Include="inc\ServerConfig.h">
      <Filter>inc</Filter>
    </ClInclude>
    <ClInclude Include="inc\Singleton.h">
      <Filter>inc</Filter>
    </ClInclude>
    <ClInclude Include="inc\Stack.h">
      <Filter>inc</Filter>
    </ClInclude>
    <ClInclude Include="inc\TList.h">
      <Filter>inc</Filter>
    </ClInclude>
    <ClInclude Include="inc\TreeNodeBase.h">
      <Filter>inc</Filter>
    </ClInclude>
    <ClInclude Include="inc\Types.h">
      <Filter>inc</Filter>
    </ClInclude>
    <ClInclude Include="inc\UtilID.h">
      <Filter>inc</Filter>
    </ClInclude>
    <ClInclude Include="inc\XML.h">
      <Filter>inc</Filter>
    </ClInclude>
    <ClInclude Include="log\Logger.h">
      <Filter>Log</Filter>
    </ClInclude>
    <ClInclude Include="NetWork\NetManagerBase.h">
      <Filter>NetWork</Filter>
    </ClInclude>
    <ClInclude Include="inc\MathTemplate.h">
      <Filter>inc</Filter>
    </ClInclude>
    <ClInclude Include="NetWork\Packet.h">
      <Filter>NetWork\packet</Filter>
    </ClInclude>
    <ClInclude Include="NetWork\PacketFunction.h">
      <Filter>NetWork\packet</Filter>
    </ClInclude>
    <ClInclude Include="NetWork\PacketList.h">
      <Filter>NetWork\packet</Filter>
    </ClInclude>
    <ClInclude Include="NetWork\AcceptType.h">
      <Filter>NetWork\socket</Filter>
    </ClInclude>
    <ClInclude Include="NetWork\SocketBase.h">
      <Filter>NetWork\socket</Filter>
    </ClInclude>
    <ClInclude Include="NetWork\SocketOps.h">
      <Filter>NetWork\socket</Filter>
    </ClInclude>
    <ClInclude Include="NetWork\NetReactor.h">
      <Filter>NetWork\socket</Filter>
    </ClInclude>
    <ClInclude Include="NetWork\IOCPReactor.h">
      <Filter>NetWork\socket</Filter>
    </ClInclude>
    <ClInclude Include="NetWork\CompleteOperation.h">
      <Filter>NetWork\socket</Filter>
    </ClInclude>
    <ClInclude Include="File\cfgloader.h">
      <Filter>File</Filter>
    </ClInclude>
    <ClInclude Include="inc\AnyTypeBase.h">
      <Filter>TClass</Filter>
    </ClInclude>
    <ClInclude Include="inc\ClassMember.h">
      <Filter>TClass</Filter>
    </ClInclude>
    <ClInclude Include="inc\ClassMethod.h">
      <Filter>TClass</Filter>
    </ClInclude>
    <ClInclude Include="inc\TClass.h">
      <Filter>TClass</Filter>
    </ClInclude>
    <ClInclude Include="inc\ClassFunctor.h">
      <Filter>TClass</Filter>
    </ClInclude>
    <ClInclude Include="inc\TClassDefine.h">
      <Filter>TClass</Filter>
    </ClInclude>
    <ClInclude Include="inc\TClassManager.h">
      <Filter>TClass</Filter>
    </ClInclude>
    <ClInclude Include="inc\DLMallocConfig.h">
      <Filter>Memory</Filter>
    </ClInclude>
    <ClInclude Include="inc\DLMalloc.h">
      <Filter>Memory</Filter>
    </ClInclude>
    <ClInclude Include="inc\DLAllocator.h">
      <Filter>Memory</Filter>
    </ClInclude>
    <ClInclude Include="inc\Allocator.h">
      <Filter>Memory</Filter>
    </ClInclude>
    <ClInclude Include="inc\PoolAllocator.h">
      <Filter>Memory</Filter>
    </ClInclude>
    <ClInclude Include="inc\OperatorNew.h">
      <Filter>Memory</Filter>
    </ClInclude>
    <ClInclude Include="inc\StringHelper.h">
      <Filter>inc</Filter>
    </ClInclude>
    <ClInclude Include="inc\Factory.h">
      <Filter>Memory</Filter>
    </ClInclude>
    <ClInclude Include="inc\FactoryManager.h">
      <Filter>Memory</Filter>
    </ClInclude>
    <ClInclude Include="inc\HashMap.h">
      <Filter>inc</Filter>
    </ClInclude>
    <ClInclude Include="inc\VectorString.h">
      <Filter>inc</Filter>
    </ClInclude>
    <ClInclude Include="File\File.h">
      <Filter>File</Filter>
    </ClInclude>
    <ClInclude Include="File\FileInfo.h">
      <Filter>File</Filter>
    </ClInclude>
    <ClInclude Include="inc\ToolKit.h">
      <Filter>inc</Filter>
    </ClInclude>
    <ClInclude Include="inc\AssocVector.h">
      <Filter>inc</Filter>
    </ClInclude>
    <ClInclude Include="File\FileIni.h">
      <Filter>File</Filter>
    </ClInclude>
    <ClInclude Include="Stream\BufferedBidirectionalStreamBuf.h">
      <Filter>Stream</Filter>
    </ClInclude>
    <ClInclude Include="Stream\BufferedStreamBuf.h">
      <Filter>Stream</Filter>
    </ClInclude>
    <ClInclude Include="Stream\MemoryStreamBuf.h">
      <Filter>Stream</Filter>
    </ClInclude>
    <ClInclude Include="Stream\UnbufferedStreamBuf.h">
      <Filter>Stream</Filter>
    </ClInclude>
    <ClInclude Include="Stream\BufferAlloctor.h">
      <Filter>Stream</Filter>
    </ClInclude>
    <ClInclude Include="File\FileStream.h">
      <Filter>inc</Filter>
    </ClInclude>
    <ClInclude Include="Stream\FileStreamBuf.h">
      <Filter>Stream</Filter>
    </ClInclude>
    <ClInclude Include="File\FileStream.h">
      <Filter>inc</Filter>
    </ClInclude>
    <ClInclude Include="Stream\FileStream.h">
      <Filter>Stream</Filter>
    </ClInclude>
    <ClInclude Include="inc\TimeStamp.h">
      <Filter>inc</Filter>
    </ClInclude>
    <ClInclude Include="inc\DateTime.h">
      <Filter>inc</Filter>
    </ClInclude>
    <ClInclude Include="log\LogChannel.h">
      <Filter>Log</Filter>
    </ClInclude>
    <ClInclude Include="inc\TBufferTemplate.h">
      <Filter>inc</Filter>
    </ClInclude>
    <ClInclude Include="inc\Environment.h">
      <Filter>inc</Filter>
    </ClInclude>
    <ClInclude Include="inc\AutoPtr.h">
      <Filter>inc</Filter>
    </ClInclude>
    <ClInclude Include="Thread\Event.h">
      <Filter>Thread</Filter>
    </ClInclude>
    <ClInclude Include="Thread\Semaphore.h">
      <Filter>Thread</Filter>
    </ClInclude>
    <ClInclude Include="process\NameEvent.h">
      <Filter>process</Filter>
    </ClInclude>
    <ClInclude Include="process\NameMutex.h">
      <Filter>process</Filter>
    </ClInclude>
    <ClInclude Include="process\PipeStream.h">
      <Filter>process</Filter>
    </ClInclude>
    <ClInclude Include="process\Process.h">
      <Filter>process</Filter>
    </ClInclude>
    <ClInclude Include="process\ShareMemory.h">
      <Filter>process</Filter>
    </ClInclude>
    <ClInclude Include="process\ProcessPipe.h">
      <Filter>process</Filter>
    </ClInclude>
    <ClInclude Include="inc\SharedPtr.h">
      <Filter>inc</Filter>
    </ClInclude>
  </ItemGroup>
</Project>