<?xml version="1.0" encoding="utf-8"?>
<Project ToolsVersion="4.0" xmlns="http://schemas.microsoft.com/developer/msbuild/2003">
  <ItemGroup>
    <Filter Include="inc">
      <UniqueIdentifier>{93995380-89BD-4b04-88EB-625FBE52EBFB}</UniqueIdentifier>
      <Extensions>h;hpp;hxx;hm;inl;inc;xsd</Extensions>
    </Filter>
    <Filter Include="Logic">
      <UniqueIdentifier>{4FC737F1-C7A5-4376-A066-2A32D752A2FF}</UniqueIdentifier>
      <Extensions>cpp;c;cc;cxx;def;odl;idl;hpj;bat;asm;asmx</Extensions>
    </Filter>
    <Filter Include="Log">
      <UniqueIdentifier>{ba0ebec2-baa5-434b-b433-535654ed3efd}</UniqueIdentifier>
    </Filter>
    <Filter Include="Param">
      <UniqueIdentifier>{1d74ab94-f301-4a9a-9d17-e72661a08128}</UniqueIdentifier>
    </Filter>
    <Filter Include="NetWork">
      <UniqueIdentifier>{5a65ec3b-a926-47ed-858a-9a404fd1c074}</UniqueIdentifier>
    </Filter>
    <Filter Include="Thread">
      <UniqueIdentifier>{67DA6AB6-F800-4c08-8B7A-83BB121AAD01}</UniqueIdentifier>
      <Extensions>rc;ico;cur;bmp;dlg;rc2;rct;bin;rgs;gif;jpg;jpeg;jpe;resx;tiff;tif;png;wav;mfcribbon-ms</Extensions>
    </Filter>
    <Filter Include="NetWork\packet">
      <UniqueIdentifier>{a331b01e-964d-42f2-aa89-86ef9ce392c6}</UniqueIdentifier>
    </Filter>
    <Filter Include="NetWork\socket">
      <UniqueIdentifier>{0bf9f7e2-9b1e-46b6-bbfe-e00c5b9dfc97}</UniqueIdentifier>
    </Filter>
    <Filter Include="File">
      <UniqueIdentifier>{712b432d-96ea-42a9-b79c-1ce92fe1848b}</UniqueIdentifier>
    </Filter>
    <Filter Include="obj">
      <UniqueIdentifier>{d2855061-797e-4b69-9084-9c0942744255}</UniqueIdentifier>
    </Filter>
    <Filter Include="TClass">
      <UniqueIdentifier>{e941e8c7-4ac3-4132-8fe1-f2de8b8885bb}</UniqueIdentifier>
    </Filter>
    <Filter Include="Memory">
      <UniqueIdentifier>{c7f56530-a847-4694-8819-bc777c152731}</UniqueIdentifier>
    </Filter>
    <Filter Include="File\tinyxml">
      <UniqueIdentifier>{cb1b480e-c939-4da2-8fb5-b95009e6e596}</UniqueIdentifier>
    </Filter>
    <Filter Include="Stream">
      <UniqueIdentifier>{a75d983c-e620-4263-bbe5-76797f5f4ab0}</UniqueIdentifier>
    </Filter>
    <Filter Include="process">
      <UniqueIdentifier>{0258cdd0-dfe0-4d57-8e6f-83be768dfda0}</UniqueIdentifier>
    </Filter>
    <Filter Include="Notifications">
      <UniqueIdentifier>{2cedc357-5021-42e6-a6a8-9ad565a9bd3a}</UniqueIdentifier>
    </Filter>
    <Filter Include="Template">
      <UniqueIdentifier>{ea03eb7e-f08f-4bbe-baee-9067e54b18c9}</UniqueIdentifier>
    </Filter>
    <Filter Include="Events">
      <UniqueIdentifier>{0e8e2bf3-8142-4b1b-b5cf-0f54601ebacc}</UniqueIdentifier>
    </Filter>
    <Filter Include="Task">
      <UniqueIdentifier>{6fd4278b-9ad8-4673-9bc7-8f041fc99d53}</UniqueIdentifier>
    </Filter>
    <Filter Include="zlib">
      <UniqueIdentifier>{fe385a9c-7a96-44de-a616-3bb4267455be}</UniqueIdentifier>
    </Filter>
    <Filter Include="Crypt">
      <UniqueIdentifier>{7389000e-5c33-43ba-ab6a-2520eca36ded}</UniqueIdentifier>
    </Filter>
    <Filter Include="DataBase">
      <UniqueIdentifier>{517c3f00-7bde-4155-aa11-8d88bf90236a}</UniqueIdentifier>
    </Filter>
    <Filter Include="Cache">
      <UniqueIdentifier>{7c986d3a-d0f1-4d59-b6ee-bb15e86bb391}</UniqueIdentifier>
    </Filter>
  </ItemGroup>
  <ItemGroup>
    <ClCompile Include="tinyxml\tinyxml.cpp">
      <Filter>File\tinyxml</Filter>
    </ClCompile>
    <ClCompile Include="tinyxml\tinyxmlerror.cpp">
      <Filter>File\tinyxml</Filter>
    </ClCompile>
    <ClCompile Include="tinyxml\tinyxmlparser.cpp">
      <Filter>File\tinyxml</Filter>
    </ClCompile>
    <ClCompile Include="Thread\AtomicCounter.cpp">
      <Filter>Thread</Filter>
    </ClCompile>
    <ClCompile Include="Thread\Condition.cpp">
      <Filter>Thread</Filter>
    </ClCompile>
    <ClCompile Include="Thread\Thread.cpp">
      <Filter>Thread</Filter>
    </ClCompile>
    <ClCompile Include="Thread\ThreadPool.cpp">
      <Filter>Thread</Filter>
    </ClCompile>
    <ClCompile Include="inc\CircularBuffer.cpp">
      <Filter>inc</Filter>
    </ClCompile>
    <ClCompile Include="inc\DataBuffer.cpp">
      <Filter>inc</Filter>
    </ClCompile>
    <ClCompile Include="inc\Exception.cpp">
      <Filter>inc</Filter>
    </ClCompile>
    <ClCompile Include="inc\PreCom.cpp">
      <Filter>inc</Filter>
    </ClCompile>
    <ClCompile Include="inc\TreeNodeBase.cpp">
      <Filter>inc</Filter>
    </ClCompile>
    <ClCompile Include="inc\UtilID.cpp">
      <Filter>inc</Filter>
    </ClCompile>
    <ClCompile Include="log\Logger.cpp">
      <Filter>Log</Filter>
    </ClCompile>
    <ClCompile Include="NetWork\Packet.cpp">
      <Filter>NetWork\packet</Filter>
    </ClCompile>
    <ClCompile Include="NetWork\PacketList.cpp">
      <Filter>NetWork\packet</Filter>
    </ClCompile>
    <ClCompile Include="NetWork\CompleteOperation.cpp">
      <Filter>NetWork\socket</Filter>
    </ClCompile>
    <ClCompile Include="File\cfgloader.cpp">
      <Filter>File</Filter>
    </ClCompile>
    <ClCompile Include="inc\ClassMember.cpp">
      <Filter>TClass</Filter>
    </ClCompile>
    <ClCompile Include="inc\AnyTypeBase.cpp">
      <Filter>TClass</Filter>
    </ClCompile>
    <ClCompile Include="inc\ClassMethod.cpp">
      <Filter>TClass</Filter>
    </ClCompile>
    <ClCompile Include="inc\TClass.cpp">
      <Filter>TClass</Filter>
    </ClCompile>
    <ClCompile Include="inc\TClassManager.cpp">
      <Filter>TClass</Filter>
    </ClCompile>
    <ClCompile Include="inc\DLMalloc.cpp">
      <Filter>Memory</Filter>
    </ClCompile>
    <ClCompile Include="inc\DLAllocator.cpp">
      <Filter>Memory</Filter>
    </ClCompile>
    <ClCompile Include="inc\Allocator.cpp">
      <Filter>Memory</Filter>
    </ClCompile>
    <ClCompile Include="inc\OperatorNew.cpp">
      <Filter>Memory</Filter>
    </ClCompile>
    <ClCompile Include="inc\PoolAllocator.cpp">
      <Filter>Memory</Filter>
    </ClCompile>
    <ClCompile Include="inc\StringHelper.cpp">
      <Filter>inc</Filter>
    </ClCompile>
    <ClCompile Include="inc\FactoryManager.cpp">
      <Filter>Memory</Filter>
    </ClCompile>
    <ClCompile Include="File\File.cpp">
      <Filter>File</Filter>
    </ClCompile>
    <ClCompile Include="File\FileInfo.cpp">
      <Filter>File</Filter>
    </ClCompile>
    <ClCompile Include="inc\ToolKit.cpp">
      <Filter>inc</Filter>
    </ClCompile>
    <ClCompile Include="File\FileIni.cpp">
      <Filter>File</Filter>
    </ClCompile>
    <ClCompile Include="Stream\MemoryStreamBuf.cpp">
      <Filter>Stream</Filter>
    </ClCompile>
    <ClCompile Include="Stream\FileStreamBuf.cpp">
      <Filter>Stream</Filter>
    </ClCompile>
    <ClCompile Include="Stream\FileStream.cpp">
      <Filter>Stream</Filter>
    </ClCompile>
    <ClCompile Include="inc\TimeStamp.cpp">
      <Filter>inc</Filter>
    </ClCompile>
    <ClCompile Include="inc\DateTime.cpp">
      <Filter>inc</Filter>
    </ClCompile>
    <ClCompile Include="inc\Environment.cpp">
      <Filter>inc</Filter>
    </ClCompile>
    <ClCompile Include="Thread\Event.cpp">
      <Filter>Thread</Filter>
    </ClCompile>
    <ClCompile Include="Thread\Semaphore.cpp">
      <Filter>Thread</Filter>
    </ClCompile>
    <ClCompile Include="process\NameEvent.cpp">
      <Filter>process</Filter>
    </ClCompile>
    <ClCompile Include="process\NameMutex.cpp">
      <Filter>process</Filter>
    </ClCompile>
    <ClCompile Include="process\Process.cpp">
      <Filter>process</Filter>
    </ClCompile>
    <ClCompile Include="process\ShareMemory.cpp">
      <Filter>process</Filter>
    </ClCompile>
    <ClCompile Include="process\ProcessPipe.cpp">
      <Filter>process</Filter>
    </ClCompile>
    <ClCompile Include="process\PipeStream.cpp">
      <Filter>process</Filter>
    </ClCompile>
    <ClCompile Include="Thread\Mutex.cpp">
      <Filter>Thread</Filter>
    </ClCompile>
    <ClCompile Include="Thread\ThreadLocal.cpp">
      <Filter>Thread</Filter>
    </ClCompile>
    <ClCompile Include="Thread\ErrorHandler.cpp">
      <Filter>Thread</Filter>
    </ClCompile>
    <ClCompile Include="Thread\RWLock.cpp">
      <Filter>Thread</Filter>
    </ClCompile>
    <ClCompile Include="Notifications\NotificationQueue.cpp">
      <Filter>Notifications</Filter>
    </ClCompile>
    <ClCompile Include="Notifications\Notification.cpp">
      <Filter>Notifications</Filter>
    </ClCompile>
    <ClCompile Include="Notifications\NotificationCenter.cpp">
      <Filter>Notifications</Filter>
    </ClCompile>
    <ClCompile Include="Thread\ActiveDispatcher.cpp">
      <Filter>Thread</Filter>
    </ClCompile>
    <ClCompile Include="Thread\ThreadTarget.cpp">
      <Filter>Thread</Filter>
    </ClCompile>
    <ClCompile Include="Thread\Timer.cpp">
      <Filter>Thread</Filter>
    </ClCompile>
    <ClCompile Include="Notifications\PriorityNotificationQueue.cpp">
      <Filter>Notifications</Filter>
    </ClCompile>
    <ClCompile Include="Notifications\TimedNotificationQueue.cpp">
      <Filter>Notifications</Filter>
    </ClCompile>
    <ClCompile Include="Notifications\AbstractObserver.cpp">
      <Filter>Notifications</Filter>
    </ClCompile>
    <ClCompile Include="NetWork\EpollReactor.cpp">
      <Filter>NetWork\socket</Filter>
    </ClCompile>
    <ClCompile Include="NetWork\Socket.cpp">
      <Filter>NetWork\socket</Filter>
    </ClCompile>
    <ClCompile Include="NetWork\IOCPProactor.cpp">
      <Filter>NetWork\socket</Filter>
    </ClCompile>
    <ClCompile Include="NetWork\Acceptor.cpp">
      <Filter>NetWork\socket</Filter>
    </ClCompile>
    <ClCompile Include="NetWork\NetSession.cpp">
      <Filter>NetWork\socket</Filter>
    </ClCompile>
    <ClCompile Include="NetWork\SocketAddr.cpp">
      <Filter>NetWork\socket</Filter>
    </ClCompile>
    <ClCompile Include="NetWork\NetService.cpp">
      <Filter>NetWork\socket</Filter>
    </ClCompile>
    <ClCompile Include="Thread\ThreadGroup.cpp">
      <Filter>Thread</Filter>
    </ClCompile>
    <ClCompile Include="NetWork\NetThread.cpp">
      <Filter>NetWork\socket</Filter>
    </ClCompile>
    <ClCompile Include="inc\IDPool.cpp">
      <Filter>inc</Filter>
    </ClCompile>
    <ClCompile Include="inc\TimeSpan.cpp">
      <Filter>inc</Filter>
    </ClCompile>
    <ClCompile Include="Task\Task.cpp">
      <Filter>Task</Filter>
    </ClCompile>
    <ClCompile Include="Task\TaskManager.cpp">
      <Filter>Task</Filter>
    </ClCompile>
    <ClCompile Include="Task\TaskNotification.cpp">
      <Filter>Task</Filter>
    </ClCompile>
    <ClCompile Include="inc\MemoryPool.cpp">
      <Filter>Memory</Filter>
    </ClCompile>
    <ClCompile Include="log\Channel.cpp">
      <Filter>Log</Filter>
    </ClCompile>
    <ClCompile Include="log\LogFile.cpp">
      <Filter>Log</Filter>
    </ClCompile>
    <ClCompile Include="log\ArchiveStrategy.cpp">
      <Filter>Log</Filter>
    </ClCompile>
    <ClCompile Include="Stream\DeflatingStream.cpp">
      <Filter>Stream</Filter>
    </ClCompile>
    <ClCompile Include="zlib\compress.c">
      <Filter>zlib</Filter>
    </ClCompile>
    <ClCompile Include="zlib\crc32.c">
      <Filter>zlib</Filter>
    </ClCompile>
    <ClCompile Include="zlib\deflate.c">
      <Filter>zlib</Filter>
    </ClCompile>
    <ClCompile Include="zlib\gzclose.c">
      <Filter>zlib</Filter>
    </ClCompile>
    <ClCompile Include="zlib\gzlib.c">
      <Filter>zlib</Filter>
    </ClCompile>
    <ClCompile Include="zlib\gzread.c">
      <Filter>zlib</Filter>
    </ClCompile>
    <ClCompile Include="zlib\gzwrite.c">
      <Filter>zlib</Filter>
    </ClCompile>
    <ClCompile Include="zlib\infback.c">
      <Filter>zlib</Filter>
    </ClCompile>
    <ClCompile Include="zlib\inffast.c">
      <Filter>zlib</Filter>
    </ClCompile>
    <ClCompile Include="zlib\inflate.c">
      <Filter>zlib</Filter>
    </ClCompile>
    <ClCompile Include="zlib\inftrees.c">
      <Filter>zlib</Filter>
    </ClCompile>
    <ClCompile Include="zlib\trees.c">
      <Filter>zlib</Filter>
    </ClCompile>
    <ClCompile Include="zlib\uncompr.c">
      <Filter>zlib</Filter>
    </ClCompile>
    <ClCompile Include="zlib\zutil.c">
      <Filter>zlib</Filter>
    </ClCompile>
    <ClCompile Include="zlib\adler32.c">
      <Filter>zlib</Filter>
    </ClCompile>
    <ClCompile Include="Stream\StreamCopier.cpp">
      <Filter>Stream</Filter>
    </ClCompile>
    <ClCompile Include="log\ConsoleChannel.cpp">
      <Filter>Log</Filter>
    </ClCompile>
    <ClCompile Include="log\FileChannel.cpp">
      <Filter>Log</Filter>
    </ClCompile>
    <ClCompile Include="log\PurgeStrategy.cpp">
      <Filter>Log</Filter>
    </ClCompile>
    <ClCompile Include="log\RotateStrategy.cpp">
      <Filter>Log</Filter>
    </ClCompile>
    <ClCompile Include="inc\AsciiCharacter.cpp">
      <Filter>inc</Filter>
    </ClCompile>
    <ClCompile Include="log\LoggingRegistry.cpp">
      <Filter>Log</Filter>
    </ClCompile>
    <ClCompile Include="log\LoggingFactory.cpp">
      <Filter>Log</Filter>
    </ClCompile>
    <ClCompile Include="log\LogStream.cpp">
      <Filter>Log</Filter>
    </ClCompile>
    <ClCompile Include="log\SimpleFileChannel.cpp">
      <Filter>Log</Filter>
    </ClCompile>
    <ClCompile Include="process\NamePipe.cpp">
      <Filter>process</Filter>
    </ClCompile>
    <ClCompile Include="inc\Configure.cpp">
      <Filter>inc</Filter>
    </ClCompile>
    <ClCompile Include="inc\ConfigStore.cpp">
      <Filter>inc</Filter>
    </ClCompile>
    <ClCompile Include="NetWork\SelectReactor.cpp">
      <Filter>NetWork\socket</Filter>
    </ClCompile>
    <ClCompile Include="NetWork\IOCPNetSession.cpp">
      <Filter>NetWork\socket</Filter>
    </ClCompile>
    <ClCompile Include="NetWork\Connector.cpp">
      <Filter>NetWork\socket</Filter>
    </ClCompile>
    <ClCompile Include="log\AsyncChannel.cpp">
      <Filter>Log</Filter>
    </ClCompile>
    <ClCompile Include="inc\Debugger.cpp">
      <Filter>inc</Filter>
    </ClCompile>
    <ClCompile Include="inc\DynamicAnyHolder.cpp">
      <Filter>inc</Filter>
    </ClCompile>
    <ClCompile Include="inc\DynamicAny.cpp">
      <Filter>inc</Filter>
    </ClCompile>
    <ClCompile Include="Stream\ByteBuf.cpp">
      <Filter>Stream</Filter>
    </ClCompile>
    <ClCompile Include="NetWork\DatagramSocket.cpp">
      <Filter>NetWork\socket</Filter>
    </ClCompile>
    <ClCompile Include="NetWork\SocketStream.cpp">
      <Filter>NetWork\socket</Filter>
    </ClCompile>
    <ClCompile Include="Crypt\Random.cpp">
      <Filter>Crypt</Filter>
    </ClCompile>
    <ClCompile Include="Crypt\DigestEngine.cpp">
      <Filter>Crypt</Filter>
    </ClCompile>
    <ClCompile Include="Crypt\SHA1Engine.cpp">
      <Filter>Crypt</Filter>
    </ClCompile>
    <ClCompile Include="DataBase\SqlConnection.cpp">
      <Filter>DataBase</Filter>
    </ClCompile>
  </ItemGroup>
  <ItemGroup>
    <ClInclude Include="tinyxml\tinyxml.h">
      <Filter>File\tinyxml</Filter>
    </ClInclude>
    <ClInclude Include="Thread\AtomicCounter.h">
      <Filter>Thread</Filter>
    </ClInclude>
    <ClInclude Include="Thread\Condition.h">
      <Filter>Thread</Filter>
    </ClInclude>
    <ClInclude Include="Thread\Mutex.h">
      <Filter>Thread</Filter>
    </ClInclude>
    <ClInclude Include="Thread\Thread.h">
      <Filter>Thread</Filter>
    </ClInclude>
    <ClInclude Include="Thread\ThreadPool.h">
      <Filter>Thread</Filter>
    </ClInclude>
    <ClInclude Include="inc\BaseClass.h">
      <Filter>inc</Filter>
    </ClInclude>
    <ClInclude Include="inc\BaseProcess.h">
      <Filter>inc</Filter>
    </ClInclude>
    <ClInclude Include="inc\BitObjectBase.h">
      <Filter>inc</Filter>
    </ClInclude>
    <ClInclude Include="inc\CircleList.h">
      <Filter>inc</Filter>
    </ClInclude>
    <ClInclude Include="inc\CircularBuffer.h">
      <Filter>inc</Filter>
    </ClInclude>
    <ClInclude Include="inc\CRefcounter.h">
      <Filter>inc</Filter>
    </ClInclude>
    <ClInclude Include="inc\DataBuffer.h">
      <Filter>inc</Filter>
    </ClInclude>
    <ClInclude Include="inc\Exception.h">
      <Filter>inc</Filter>
    </ClInclude>
    <ClInclude Include="inc\Fuction.h">
      <Filter>inc</Filter>
    </ClInclude>
    <ClInclude Include="inc\HashList.h">
      <Filter>inc</Filter>
    </ClInclude>
    <ClInclude Include="inc\HelperFunction.h">
      <Filter>inc</Filter>
    </ClInclude>
    <ClInclude Include="inc\nocopyable.h">
      <Filter>inc</Filter>
    </ClInclude>
    <ClInclude Include="inc\PreCom.h">
      <Filter>inc</Filter>
    </ClInclude>
    <ClInclude Include="inc\QuerueEx.h">
      <Filter>inc</Filter>
    </ClInclude>
    <ClInclude Include="inc\Queue.h">
      <Filter>inc</Filter>
    </ClInclude>
    <ClInclude Include="inc\ServerConfig.h">
      <Filter>inc</Filter>
    </ClInclude>
    <ClInclude Include="inc\Singleton.h">
      <Filter>inc</Filter>
    </ClInclude>
    <ClInclude Include="inc\Stack.h">
      <Filter>inc</Filter>
    </ClInclude>
    <ClInclude Include="inc\TList.h">
      <Filter>inc</Filter>
    </ClInclude>
    <ClInclude Include="inc\TreeNodeBase.h">
      <Filter>inc</Filter>
    </ClInclude>
    <ClInclude Include="inc\Types.h">
      <Filter>inc</Filter>
    </ClInclude>
    <ClInclude Include="inc\UtilID.h">
      <Filter>inc</Filter>
    </ClInclude>
    <ClInclude Include="inc\XML.h">
      <Filter>inc</Filter>
    </ClInclude>
    <ClInclude Include="log\Logger.h">
      <Filter>Log</Filter>
    </ClInclude>
    <ClInclude Include="NetWork\Packet.h">
      <Filter>NetWork\packet</Filter>
    </ClInclude>
    <ClInclude Include="NetWork\PacketFunction.h">
      <Filter>NetWork\packet</Filter>
    </ClInclude>
    <ClInclude Include="NetWork\PacketList.h">
      <Filter>NetWork\packet</Filter>
    </ClInclude>
    <ClInclude Include="NetWork\CompleteOperation.h">
      <Filter>NetWork\socket</Filter>
    </ClInclude>
    <ClInclude Include="File\cfgloader.h">
      <Filter>File</Filter>
    </ClInclude>
    <ClInclude Include="inc\AnyTypeBase.h">
      <Filter>TClass</Filter>
    </ClInclude>
    <ClInclude Include="inc\ClassMember.h">
      <Filter>TClass</Filter>
    </ClInclude>
    <ClInclude Include="inc\ClassMethod.h">
      <Filter>TClass</Filter>
    </ClInclude>
    <ClInclude Include="inc\TClass.h">
      <Filter>TClass</Filter>
    </ClInclude>
    <ClInclude Include="inc\ClassFunctor.h">
      <Filter>TClass</Filter>
    </ClInclude>
    <ClInclude Include="inc\TClassDefine.h">
      <Filter>TClass</Filter>
    </ClInclude>
    <ClInclude Include="inc\TClassManager.h">
      <Filter>TClass</Filter>
    </ClInclude>
    <ClInclude Include="inc\DLMallocConfig.h">
      <Filter>Memory</Filter>
    </ClInclude>
    <ClInclude Include="inc\DLMalloc.h">
      <Filter>Memory</Filter>
    </ClInclude>
    <ClInclude Include="inc\DLAllocator.h">
      <Filter>Memory</Filter>
    </ClInclude>
    <ClInclude Include="inc\Allocator.h">
      <Filter>Memory</Filter>
    </ClInclude>
    <ClInclude Include="inc\PoolAllocator.h">
      <Filter>Memory</Filter>
    </ClInclude>
    <ClInclude Include="inc\OperatorNew.h">
      <Filter>Memory</Filter>
    </ClInclude>
    <ClInclude Include="inc\StringHelper.h">
      <Filter>inc</Filter>
    </ClInclude>
    <ClInclude Include="inc\Factory.h">
      <Filter>Memory</Filter>
    </ClInclude>
    <ClInclude Include="inc\FactoryManager.h">
      <Filter>Memory</Filter>
    </ClInclude>
    <ClInclude Include="inc\HashMap.h">
      <Filter>inc</Filter>
    </ClInclude>
    <ClInclude Include="inc\VectorString.h">
      <Filter>inc</Filter>
    </ClInclude>
    <ClInclude Include="File\File.h">
      <Filter>File</Filter>
    </ClInclude>
    <ClInclude Include="File\FileInfo.h">
      <Filter>File</Filter>
    </ClInclude>
    <ClInclude Include="inc\ToolKit.h">
      <Filter>inc</Filter>
    </ClInclude>
    <ClInclude Include="inc\AssocVector.h">
      <Filter>inc</Filter>
    </ClInclude>
    <ClInclude Include="File\FileIni.h">
      <Filter>File</Filter>
    </ClInclude>
    <ClInclude Include="Stream\BufferedBidirectionalStreamBuf.h">
      <Filter>Stream</Filter>
    </ClInclude>
    <ClInclude Include="Stream\BufferedStreamBuf.h">
      <Filter>Stream</Filter>
    </ClInclude>
    <ClInclude Include="Stream\MemoryStreamBuf.h">
      <Filter>Stream</Filter>
    </ClInclude>
    <ClInclude Include="Stream\UnbufferedStreamBuf.h">
      <Filter>Stream</Filter>
    </ClInclude>
    <ClInclude Include="Stream\BufferAlloctor.h">
      <Filter>Stream</Filter>
    </ClInclude>
    <ClInclude Include="Stream\FileStreamBuf.h">
      <Filter>Stream</Filter>
    </ClInclude>
    <ClInclude Include="Stream\FileStream.h">
      <Filter>Stream</Filter>
    </ClInclude>
    <ClInclude Include="inc\TimeStamp.h">
      <Filter>inc</Filter>
    </ClInclude>
    <ClInclude Include="inc\DateTime.h">
      <Filter>inc</Filter>
    </ClInclude>
    <ClInclude Include="inc\TBufferTemplate.h">
      <Filter>inc</Filter>
    </ClInclude>
    <ClInclude Include="inc\Environment.h">
      <Filter>inc</Filter>
    </ClInclude>
    <ClInclude Include="inc\AutoPtr.h">
      <Filter>inc</Filter>
    </ClInclude>
    <ClInclude Include="Thread\Event.h">
      <Filter>Thread</Filter>
    </ClInclude>
    <ClInclude Include="Thread\Semaphore.h">
      <Filter>Thread</Filter>
    </ClInclude>
    <ClInclude Include="process\NameEvent.h">
      <Filter>process</Filter>
    </ClInclude>
    <ClInclude Include="process\NameMutex.h">
      <Filter>process</Filter>
    </ClInclude>
    <ClInclude Include="process\PipeStream.h">
      <Filter>process</Filter>
    </ClInclude>
    <ClInclude Include="process\Process.h">
      <Filter>process</Filter>
    </ClInclude>
    <ClInclude Include="process\ShareMemory.h">
      <Filter>process</Filter>
    </ClInclude>
    <ClInclude Include="process\ProcessPipe.h">
      <Filter>process</Filter>
    </ClInclude>
    <ClInclude Include="inc\SharedPtr.h">
      <Filter>inc</Filter>
    </ClInclude>
    <ClInclude Include="Thread\ThreadLocal.h">
      <Filter>Thread</Filter>
    </ClInclude>
    <ClInclude Include="Thread\ErrorHandler.h">
      <Filter>Thread</Filter>
    </ClInclude>
    <ClInclude Include="Thread\RWLock.h">
      <Filter>Thread</Filter>
    </ClInclude>
    <ClInclude Include="Thread\Runnable.h">
      <Filter>Thread</Filter>
    </ClInclude>
    <ClInclude Include="Thread\Activity.h">
      <Filter>Thread</Filter>
    </ClInclude>
    <ClInclude Include="Thread\ActiveResult.h">
      <Filter>Thread</Filter>
    </ClInclude>
    <ClInclude Include="Thread\ActiveRunnable.h">
      <Filter>Thread</Filter>
    </ClInclude>
    <ClInclude Include="Thread\ActiveDispatcher.h">
      <Filter>Thread</Filter>
    </ClInclude>
    <ClInclude Include="Thread\ActiviteMethod.h">
      <Filter>Thread</Filter>
    </ClInclude>
    <ClInclude Include="Thread\ActivieStarter.h">
      <Filter>Thread</Filter>
    </ClInclude>
    <ClInclude Include="Notifications\NotificationQueue.h">
      <Filter>Notifications</Filter>
    </ClInclude>
    <ClInclude Include="Notifications\Notification.h">
      <Filter>Notifications</Filter>
    </ClInclude>
    <ClInclude Include="Notifications\NotificationCenter.h">
      <Filter>Notifications</Filter>
    </ClInclude>
    <ClInclude Include="Thread\ThreadTarget.h">
      <Filter>Thread</Filter>
    </ClInclude>
    <ClInclude Include="Thread\Timer.h">
      <Filter>Thread</Filter>
    </ClInclude>
    <ClInclude Include="Template\TNull.h">
      <Filter>Template</Filter>
    </ClInclude>
    <ClInclude Include="Template\TVoid.h">
      <Filter>Template</Filter>
    </ClInclude>
    <ClInclude Include="Template\TAny.h">
      <Filter>Template</Filter>
    </ClInclude>
    <ClInclude Include="Template\TTypeList.h">
      <Filter>Template</Filter>
    </ClInclude>
    <ClInclude Include="Template\TMeta.h">
      <Filter>Template</Filter>
    </ClInclude>
    <ClInclude Include="Template\Tuple.h">
      <Filter>Template</Filter>
    </ClInclude>
    <ClInclude Include="Template\MathTemplate.h">
      <Filter>Template</Filter>
    </ClInclude>
    <ClInclude Include="Notifications\PriorityNotificationQueue.h">
      <Filter>Notifications</Filter>
    </ClInclude>
    <ClInclude Include="Notifications\TimedNotificationQueue.h">
      <Filter>Notifications</Filter>
    </ClInclude>
    <ClInclude Include="Notifications\AbstractObserver.h">
      <Filter>Notifications</Filter>
    </ClInclude>
    <ClInclude Include="Notifications\Observer.h">
      <Filter>Notifications</Filter>
    </ClInclude>
    <ClInclude Include="Events\AbstractDelegate.h">
      <Filter>Events</Filter>
    </ClInclude>
    <ClInclude Include="Events\AbstractEvent.h">
      <Filter>Events</Filter>
    </ClInclude>
    <ClInclude Include="Events\AbstractPriorityDelegate.h">
      <Filter>Events</Filter>
    </ClInclude>
    <ClInclude Include="Events\DefaultStrategy.h">
      <Filter>Events</Filter>
    </ClInclude>
    <ClInclude Include="Events\NotificationStrategy.h">
      <Filter>Events</Filter>
    </ClInclude>
    <ClInclude Include="Events\BasicEvent.h">
      <Filter>Events</Filter>
    </ClInclude>
    <ClInclude Include="Events\Delegate.h">
      <Filter>Events</Filter>
    </ClInclude>
    <ClInclude Include="Events\EventArgs.h">
      <Filter>Events</Filter>
    </ClInclude>
    <ClInclude Include="Events\ExpireDelegate.h">
      <Filter>Events</Filter>
    </ClInclude>
    <ClInclude Include="Events\FIFOEvent.h">
      <Filter>Events</Filter>
    </ClInclude>
    <ClInclude Include="Events\FIFOStrategy.h">
      <Filter>Events</Filter>
    </ClInclude>
    <ClInclude Include="Events\FunctionDelegate.h">
      <Filter>Events</Filter>
    </ClInclude>
    <ClInclude Include="Events\FunctionPriorityDelegate.h">
      <Filter>Events</Filter>
    </ClInclude>
    <ClInclude Include="Events\PriorityEvent.h">
      <Filter>Events</Filter>
    </ClInclude>
    <ClInclude Include="Events\PriorityExpireDelegate.h">
      <Filter>Events</Filter>
    </ClInclude>
    <ClInclude Include="Events\PriorityStrategy.h">
      <Filter>Events</Filter>
    </ClInclude>
    <ClInclude Include="Events\PriorityDelegate.h">
      <Filter>Events</Filter>
    </ClInclude>
    <ClInclude Include="Events\EventHandler.h">
      <Filter>Events</Filter>
    </ClInclude>
    <ClInclude Include="NetWork\EpollReactor.h">
      <Filter>NetWork\socket</Filter>
    </ClInclude>
    <ClInclude Include="NetWork\Socket.h">
      <Filter>NetWork\socket</Filter>
    </ClInclude>
    <ClInclude Include="NetWork\IOCPProactor.h">
      <Filter>NetWork\socket</Filter>
    </ClInclude>
    <ClInclude Include="NetWork\Acceptor.h">
      <Filter>NetWork\socket</Filter>
    </ClInclude>
    <ClInclude Include="NetWork\SessionBase.h">
      <Filter>NetWork\socket</Filter>
    </ClInclude>
    <ClInclude Include="NetWork\NetServiceBase.h">
      <Filter>NetWork\socket</Filter>
    </ClInclude>
    <ClInclude Include="NetWork\NetSession.h">
      <Filter>NetWork\socket</Filter>
    </ClInclude>
    <ClInclude Include="NetWork\SocketAddr.h">
      <Filter>NetWork\socket</Filter>
    </ClInclude>
    <ClInclude Include="Events\EventActor.h">
      <Filter>Events</Filter>
    </ClInclude>
    <ClInclude Include="NetWork\NetService.h">
      <Filter>NetWork\socket</Filter>
    </ClInclude>
    <ClInclude Include="Notifications\Visitor.h">
      <Filter>Notifications</Filter>
    </ClInclude>
    <ClInclude Include="Thread\ThreadGroup.h">
      <Filter>Thread</Filter>
    </ClInclude>
    <ClInclude Include="NetWork\NetThread.h">
      <Filter>NetWork\socket</Filter>
    </ClInclude>
    <ClInclude Include="inc\IDPool.h">
      <Filter>inc</Filter>
    </ClInclude>
    <ClInclude Include="inc\TimeSpan.h">
      <Filter>inc</Filter>
    </ClInclude>
    <ClInclude Include="Task\Task.h">
      <Filter>Task</Filter>
    </ClInclude>
    <ClInclude Include="Task\TaskManager.h">
      <Filter>Task</Filter>
    </ClInclude>
    <ClInclude Include="Task\TaskNotification.h">
      <Filter>Task</Filter>
    </ClInclude>
    <ClInclude Include="inc\ObjectPool.h">
      <Filter>inc</Filter>
    </ClInclude>
    <ClInclude Include="inc\MemoryPool.h">
      <Filter>Memory</Filter>
    </ClInclude>
    <ClInclude Include="log\Channel.h">
      <Filter>Log</Filter>
    </ClInclude>
    <ClInclude Include="log\Configurable.h">
      <Filter>Log</Filter>
    </ClInclude>
    <ClInclude Include="log\ArchiveStrategy.h">
      <Filter>Log</Filter>
    </ClInclude>
    <ClInclude Include="log\LogFile.h">
      <Filter>Log</Filter>
    </ClInclude>
    <ClInclude Include="Stream\DeflatingStream.h">
      <Filter>Stream</Filter>
    </ClInclude>
    <ClInclude Include="zlib\crc32.h">
      <Filter>zlib</Filter>
    </ClInclude>
    <ClInclude Include="zlib\deflate.h">
      <Filter>zlib</Filter>
    </ClInclude>
    <ClInclude Include="zlib\gzguts.h">
      <Filter>zlib</Filter>
    </ClInclude>
    <ClInclude Include="zlib\inffast.h">
      <Filter>zlib</Filter>
    </ClInclude>
    <ClInclude Include="zlib\inffixed.h">
      <Filter>zlib</Filter>
    </ClInclude>
    <ClInclude Include="zlib\inflate.h">
      <Filter>zlib</Filter>
    </ClInclude>
    <ClInclude Include="zlib\inftrees.h">
      <Filter>zlib</Filter>
    </ClInclude>
    <ClInclude Include="zlib\trees.h">
      <Filter>zlib</Filter>
    </ClInclude>
    <ClInclude Include="zlib\zconf.h">
      <Filter>zlib</Filter>
    </ClInclude>
    <ClInclude Include="zlib\zlib.h">
      <Filter>zlib</Filter>
    </ClInclude>
    <ClInclude Include="zlib\zutil.h">
      <Filter>zlib</Filter>
    </ClInclude>
    <ClInclude Include="Stream\StreamCopier.h">
      <Filter>Stream</Filter>
    </ClInclude>
    <ClInclude Include="inc\Buffer.h">
      <Filter>inc</Filter>
    </ClInclude>
    <ClInclude Include="log\ConsoleChannel.h">
      <Filter>Log</Filter>
    </ClInclude>
    <ClInclude Include="log\FileChannel.h">
      <Filter>Log</Filter>
    </ClInclude>
    <ClInclude Include="log\PurgeStrategy.h">
      <Filter>Log</Filter>
    </ClInclude>
    <ClInclude Include="log\RotateStrategy.h">
      <Filter>Log</Filter>
    </ClInclude>
    <ClInclude Include="inc\AsciiCharacter.h">
      <Filter>inc</Filter>
    </ClInclude>
    <ClInclude Include="log\LoggingRegistry.h">
      <Filter>Log</Filter>
    </ClInclude>
    <ClInclude Include="log\LoggingFactory.h">
      <Filter>Log</Filter>
    </ClInclude>
    <ClInclude Include="inc\Instantiator.h">
      <Filter>inc</Filter>
    </ClInclude>
    <ClInclude Include="inc\DynamicFactory.h">
      <Filter>inc</Filter>
    </ClInclude>
    <ClInclude Include="log\LogStream.h">
      <Filter>Log</Filter>
    </ClInclude>
    <ClInclude Include="log\NullChannel.h">
      <Filter>Log</Filter>
    </ClInclude>
    <ClInclude Include="log\SimpleFileChannel.h">
      <Filter>Log</Filter>
    </ClInclude>
    <ClInclude Include="inc\TSlot.h">
      <Filter>inc</Filter>
    </ClInclude>
    <ClInclude Include="inc\TSingal.h">
      <Filter>inc</Filter>
    </ClInclude>
    <ClInclude Include="process\NamePipe.h">
      <Filter>process</Filter>
    </ClInclude>
    <ClInclude Include="inc\Configure.h">
      <Filter>inc</Filter>
    </ClInclude>
    <ClInclude Include="inc\ConfigStore.h">
      <Filter>inc</Filter>
    </ClInclude>
    <ClInclude Include="NetWork\SelectReactor.h">
      <Filter>NetWork\socket</Filter>
    </ClInclude>
    <ClInclude Include="NetWork\IOCPNetSession.h">
      <Filter>NetWork\socket</Filter>
    </ClInclude>
    <ClInclude Include="NetWork\Connector.h">
      <Filter>NetWork\socket</Filter>
    </ClInclude>
    <ClInclude Include="log\AsyncChannel.h">
      <Filter>Log</Filter>
    </ClInclude>
    <ClInclude Include="inc\Debugger.h">
      <Filter>inc</Filter>
    </ClInclude>
    <ClInclude Include="inc\AutoReleasePool.h">
      <Filter>inc</Filter>
    </ClInclude>
    <ClInclude Include="inc\DynamicAnyHolder.h">
      <Filter>inc</Filter>
    </ClInclude>
    <ClInclude Include="inc\DynamicAny.h">
      <Filter>inc</Filter>
    </ClInclude>
    <ClInclude Include="Template\TypeTraits.h">
      <Filter>Template</Filter>
    </ClInclude>
    <ClInclude Include="Template\TFunctoion.h">
      <Filter>Template</Filter>
    </ClInclude>
    <ClInclude Include="Template\TFunctor.h">
      <Filter>Template</Filter>
    </ClInclude>
    <ClInclude Include="Template\THierarchyGenerators.h">
      <Filter>Template</Filter>
    </ClInclude>
    <ClInclude Include="Stream\ByteBuf.h">
      <Filter>Stream</Filter>
    </ClInclude>
    <ClInclude Include="inc\ReflectEnum.h">
      <Filter>TClass</Filter>
    </ClInclude>
    <ClInclude Include="inc\DefineEnum.h">
      <Filter>TClass</Filter>
    </ClInclude>
    <ClInclude Include="NetWork\DatagramSocket.h">
      <Filter>NetWork\socket</Filter>
    </ClInclude>
    <ClInclude Include="NetWork\SocketStream.h">
      <Filter>NetWork\socket</Filter>
    </ClInclude>
    <ClInclude Include="inc\Array.h">
      <Filter>inc</Filter>
    </ClInclude>
    <ClInclude Include="Crypt\Random.h">
      <Filter>Crypt</Filter>
    </ClInclude>
    <ClInclude Include="Crypt\DigestEngine.h">
      <Filter>Crypt</Filter>
    </ClInclude>
    <ClInclude Include="Crypt\SHA1Engine.h">
      <Filter>Crypt</Filter>
    </ClInclude>
    <ClInclude Include="DataBase\SqlConnection.h">
      <Filter>DataBase</Filter>
    </ClInclude>
    <ClInclude Include="DataBase\SqlQueryResult.h">
      <Filter>DataBase</Filter>
    </ClInclude>
    <ClInclude Include="inc\FQueue.h">
      <Filter>inc</Filter>
    </ClInclude>
    <ClInclude Include="Cache\AbstractCache.h">
      <Filter>Cache</Filter>
    </ClInclude>
    <ClInclude Include="Cache\KeyValueArgs.h">
      <Filter>Cache</Filter>
    </ClInclude>
    <ClInclude Include="Cache\ValidArgs.h">
      <Filter>Cache</Filter>
    </ClInclude>
    <ClInclude Include="Cache\AbstractStrategy.h">
      <Filter>Cache</Filter>
    </ClInclude>
    <ClInclude Include="Cache\AccessExpirationDecorator.h">
      <Filter>Cache</Filter>
    </ClInclude>
    <ClInclude Include="Cache\LRUCache.h">
      <Filter>Cache</Filter>
    </ClInclude>
    <ClInclude Include="Cache\LRUStrategy.h">
      <Filter>Cache</Filter>
    </ClInclude>
    <ClInclude Include="Cache\StrategyCollection.h">
      <Filter>Cache</Filter>
    </ClInclude>
    <ClInclude Include="Cache\ExpireLRUCache.h">
      <Filter>Cache</Filter>
    </ClInclude>
    <ClInclude Include="Cache\UniqueExpireLRUCache.h">
      <Filter>Cache</Filter>
    </ClInclude>
    <ClInclude Include="Cache\ExpireCache.h">
      <Filter>Cache</Filter>
    </ClInclude>
    <ClInclude Include="Cache\ExpireStrategy.h">
      <Filter>Cache</Filter>
    </ClInclude>
    <ClInclude Include="Cache\UniqueExpireCache.h">
      <Filter>Cache</Filter>
    </ClInclude>
    <ClInclude Include="Cache\UniqueExpireStrategy.h">
      <Filter>Cache</Filter>
    </ClInclude>
    <ClInclude Include="Cache\ExpirationDecorator.h">
      <Filter>Cache</Filter>
    </ClInclude>
    <ClInclude Include="Cache\AccessExpireCache.h">
      <Filter>Cache</Filter>
    </ClInclude>
    <ClInclude Include="Cache\AccessExpireLRUCache.h">
      <Filter>Cache</Filter>
    </ClInclude>
    <ClInclude Include="Cache\AccessExpireStrategy.h">
      <Filter>Cache</Filter>
    </ClInclude>
    <ClInclude Include="Cache\UniqueAccessExpireCache.h">
      <Filter>Cache</Filter>
    </ClInclude>
    <ClInclude Include="Cache\UniqueAccessExpireLRUCache.h">
      <Filter>Cache</Filter>
    </ClInclude>
    <ClInclude Include="Cache\UniqueAccessExpireStrategy.h">
      <Filter>Cache</Filter>
    </ClInclude>
  </ItemGroup>
</Project>