
Microsoft Visual Studio Solution File, Format Version 11.00
# Visual Studio 2010
Project("{8BC9CEB8-8B4A-11D0-8D11-00A0C91BC942}") = "okeyLib", "okeyLib\okeyLib.vcxproj", "{AF53D0EA-1146-4E35-88DA-5F2EEAB7A58C}"
EndProject
Project("{8BC9CEB8-8B4A-11D0-8D11-00A0C91BC942}") = "test", "test\test.vcxproj", "{C42A0390-FEFD-4C2D-8755-169C569B4835}"
	ProjectSection(ProjectDependencies) = postProject
		{6EBA1D58-0186-48ED-964A-0231014E2C4F} = {6EBA1D58-0186-48ED-964A-0231014E2C4F}
		{AF53D0EA-1146-4E35-88DA-5F2EEAB7A58C} = {AF53D0EA-1146-4E35-88DA-5F2EEAB7A58C}
	EndProjectSection
EndProject
Project("{8BC9CEB8-8B4A-11D0-8D11-00A0C91BC942}") = "CenterServer", "CenterServer\CenterServer.vcxproj", "{37220BC2-A9AD-42F3-BF3B-FE226B478366}"
	ProjectSection(ProjectDependencies) = postProject
		{6EBA1D58-0186-48ED-964A-0231014E2C4F} = {6EBA1D58-0186-48ED-964A-0231014E2C4F}
		{AF53D0EA-1146-4E35-88DA-5F2EEAB7A58C} = {AF53D0EA-1146-4E35-88DA-5F2EEAB7A58C}
	EndProjectSection
EndProject
Project("{2150E333-8FDC-42A3-9474-1A3956D46DE8}") = "Lib", "Lib", "{250F6DCC-0487-44BD-B0BE-CBB8FE73FD30}"
EndProject
Project("{2150E333-8FDC-42A3-9474-1A3956D46DE8}") = "Server", "Server", "{9305920E-84F6-46E4-BDF1-2DD9D9DF1C1F}"
EndProject
Project("{2150E333-8FDC-42A3-9474-1A3956D46DE8}") = "AllTest", "AllTest", "{5ABC0A5B-DDE2-4AD0-8897-2F3DB010F422}"
EndProject
Project("{8BC9CEB8-8B4A-11D0-8D11-00A0C91BC942}") = "SceneServer", "SceneServer\SceneServer.vcxproj", "{FAFD0534-16D1-4911-961A-8ED837644041}"
	ProjectSection(ProjectDependencies) = postProject
		{6EBA1D58-0186-48ED-964A-0231014E2C4F} = {6EBA1D58-0186-48ED-964A-0231014E2C4F}
		{AF53D0EA-1146-4E35-88DA-5F2EEAB7A58C} = {AF53D0EA-1146-4E35-88DA-5F2EEAB7A58C}
	EndProjectSection
EndProject
Project("{8BC9CEB8-8B4A-11D0-8D11-00A0C91BC942}") = "GateServer", "GateServer\GateServer.vcxproj", "{87BCADBD-DA9E-4105-A3D4-90EB0052B211}"
EndProject
Project("{8BC9CEB8-8B4A-11D0-8D11-00A0C91BC942}") = "ChatServer", "ChatServer\ChatServer.vcxproj", "{FDFE94A0-E66D-4F7C-8184-0AE9C7484CC4}"
EndProject
Project("{8BC9CEB8-8B4A-11D0-8D11-00A0C91BC942}") = "LoginServer", "LoginServer\LoginServer.vcxproj", "{3A7EA474-95C2-4C74-9EF2-B0253755DEDA}"
EndProject
Project("{8BC9CEB8-8B4A-11D0-8D11-00A0C91BC942}") = "lualib", "lualib\lualib.vcxproj", "{5EE85B34-34D3-4C8F-9BA5-3038405846AF}"
EndProject
Project("{8BC9CEB8-8B4A-11D0-8D11-00A0C91BC942}") = "LuaEngine", "LuaEngine\LuaEngine.vcxproj", "{3A843AF1-EC37-4322-9962-ADB1EBC607B3}"
EndProject
Project("{8BC9CEB8-8B4A-11D0-8D11-00A0C91BC942}") = "ServerLib", "ServerLib\ServerLib.vcxproj", "{6EBA1D58-0186-48ED-964A-0231014E2C4F}"
	ProjectSection(ProjectDependencies) = postProject
		{AF53D0EA-1146-4E35-88DA-5F2EEAB7A58C} = {AF53D0EA-1146-4E35-88DA-5F2EEAB7A58C}
	EndProjectSection
EndProject
Global
	GlobalSection(SolutionConfigurationPlatforms) = preSolution
		Debug|Win32 = Debug|Win32
		Release|Win32 = Release|Win32
	EndGlobalSection
	GlobalSection(ProjectConfigurationPlatforms) = postSolution
		{AF53D0EA-1146-4E35-88DA-5F2EEAB7A58C}.Debug|Win32.ActiveCfg = Debug|Win32
		{AF53D0EA-1146-4E35-88DA-5F2EEAB7A58C}.Debug|Win32.Build.0 = Debug|Win32
		{AF53D0EA-1146-4E35-88DA-5F2EEAB7A58C}.Release|Win32.ActiveCfg = Release|Win32
		{AF53D0EA-1146-4E35-88DA-5F2EEAB7A58C}.Release|Win32.Build.0 = Release|Win32
		{C42A0390-FEFD-4C2D-8755-169C569B4835}.Debug|Win32.ActiveCfg = Debug|Win32
		{C42A0390-FEFD-4C2D-8755-169C569B4835}.Debug|Win32.Build.0 = Debug|Win32
		{C42A0390-FEFD-4C2D-8755-169C569B4835}.Release|Win32.ActiveCfg = Release|Win32
		{C42A0390-FEFD-4C2D-8755-169C569B4835}.Release|Win32.Build.0 = Release|Win32
		{37220BC2-A9AD-42F3-BF3B-FE226B478366}.Debug|Win32.ActiveCfg = Debug|Win32
		{37220BC2-A9AD-42F3-BF3B-FE226B478366}.Debug|Win32.Build.0 = Debug|Win32
		{37220BC2-A9AD-42F3-BF3B-FE226B478366}.Release|Win32.ActiveCfg = Release|Win32
		{37220BC2-A9AD-42F3-BF3B-FE226B478366}.Release|Win32.Build.0 = Release|Win32
		{FAFD0534-16D1-4911-961A-8ED837644041}.Debug|Win32.ActiveCfg = Debug|Win32
		{FAFD0534-16D1-4911-961A-8ED837644041}.Debug|Win32.Build.0 = Debug|Win32
		{FAFD0534-16D1-4911-961A-8ED837644041}.Release|Win32.ActiveCfg = Release|Win32
		{FAFD0534-16D1-4911-961A-8ED837644041}.Release|Win32.Build.0 = Release|Win32
		{87BCADBD-DA9E-4105-A3D4-90EB0052B211}.Debug|Win32.ActiveCfg = Debug|Win32
		{87BCADBD-DA9E-4105-A3D4-90EB0052B211}.Debug|Win32.Build.0 = Debug|Win32
		{87BCADBD-DA9E-4105-A3D4-90EB0052B211}.Release|Win32.ActiveCfg = Release|Win32
		{87BCADBD-DA9E-4105-A3D4-90EB0052B211}.Release|Win32.Build.0 = Release|Win32
		{FDFE94A0-E66D-4F7C-8184-0AE9C7484CC4}.Debug|Win32.ActiveCfg = Debug|Win32
		{FDFE94A0-E66D-4F7C-8184-0AE9C7484CC4}.Release|Win32.ActiveCfg = Release|Win32
		{FDFE94A0-E66D-4F7C-8184-0AE9C7484CC4}.Release|Win32.Build.0 = Release|Win32
		{3A7EA474-95C2-4C74-9EF2-B0253755DEDA}.Debug|Win32.ActiveCfg = Debug|Win32
		{3A7EA474-95C2-4C74-9EF2-B0253755DEDA}.Debug|Win32.Build.0 = Debug|Win32
		{3A7EA474-95C2-4C74-9EF2-B0253755DEDA}.Release|Win32.ActiveCfg = Release|Win32
		{3A7EA474-95C2-4C74-9EF2-B0253755DEDA}.Release|Win32.Build.0 = Release|Win32
		{5EE85B34-34D3-4C8F-9BA5-3038405846AF}.Debug|Win32.ActiveCfg = Debug|Win32
		{5EE85B34-34D3-4C8F-9BA5-3038405846AF}.Debug|Win32.Build.0 = Debug|Win32
		{5EE85B34-34D3-4C8F-9BA5-3038405846AF}.Release|Win32.ActiveCfg = Release|Win32
		{5EE85B34-34D3-4C8F-9BA5-3038405846AF}.Release|Win32.Build.0 = Release|Win32
		{3A843AF1-EC37-4322-9962-ADB1EBC607B3}.Debug|Win32.ActiveCfg = Debug|Win32
		{3A843AF1-EC37-4322-9962-ADB1EBC607B3}.Debug|Win32.Build.0 = Debug|Win32
		{3A843AF1-EC37-4322-9962-ADB1EBC607B3}.Release|Win32.ActiveCfg = Release|Win32
		{3A843AF1-EC37-4322-9962-ADB1EBC607B3}.Release|Win32.Build.0 = Release|Win32
		{6EBA1D58-0186-48ED-964A-0231014E2C4F}.Debug|Win32.ActiveCfg = Debug|Win32
		{6EBA1D58-0186-48ED-964A-0231014E2C4F}.Debug|Win32.Build.0 = Debug|Win32
		{6EBA1D58-0186-48ED-964A-0231014E2C4F}.Release|Win32.ActiveCfg = Release|Win32
		{6EBA1D58-0186-48ED-964A-0231014E2C4F}.Release|Win32.Build.0 = Release|Win32
	EndGlobalSection
	GlobalSection(SolutionProperties) = preSolution
		HideSolutionNode = FALSE
	EndGlobalSection
	GlobalSection(NestedProjects) = preSolution
		{AF53D0EA-1146-4E35-88DA-5F2EEAB7A58C} = {250F6DCC-0487-44BD-B0BE-CBB8FE73FD30}
		{5EE85B34-34D3-4C8F-9BA5-3038405846AF} = {250F6DCC-0487-44BD-B0BE-CBB8FE73FD30}
		{3A843AF1-EC37-4322-9962-ADB1EBC607B3} = {250F6DCC-0487-44BD-B0BE-CBB8FE73FD30}
		{6EBA1D58-0186-48ED-964A-0231014E2C4F} = {250F6DCC-0487-44BD-B0BE-CBB8FE73FD30}
		{C42A0390-FEFD-4C2D-8755-169C569B4835} = {5ABC0A5B-DDE2-4AD0-8897-2F3DB010F422}
		{37220BC2-A9AD-42F3-BF3B-FE226B478366} = {9305920E-84F6-46E4-BDF1-2DD9D9DF1C1F}
		{FAFD0534-16D1-4911-961A-8ED837644041} = {9305920E-84F6-46E4-BDF1-2DD9D9DF1C1F}
		{87BCADBD-DA9E-4105-A3D4-90EB0052B211} = {9305920E-84F6-46E4-BDF1-2DD9D9DF1C1F}
		{FDFE94A0-E66D-4F7C-8184-0AE9C7484CC4} = {9305920E-84F6-46E4-BDF1-2DD9D9DF1C1F}
		{3A7EA474-95C2-4C74-9EF2-B0253755DEDA} = {9305920E-84F6-46E4-BDF1-2DD9D9DF1C1F}
	EndGlobalSection
EndGlobal
